
Microsoft Visual Studio Solution File, Format Version 12.00
# Visual Studio Version 16
VisualStudioVersion = 16.0.29920.165
MinimumVisualStudioVersion = 10.0.40219.1
Project("{888888A0-9F3D-457C-B088-3A5042F75D52}") = "tugas modul 4 yang kedua", "tugas modul 4 yang kedua\tugas modul 4 yang kedua.pyproj", "{7DA41EF5-8BF6-43B6-81DA-E2FD63863C4C}"
EndProject
Global
	GlobalSection(SolutionConfigurationPlatforms) = preSolution
		Debug|Any CPU = Debug|Any CPU
		Release|Any CPU = Release|Any CPU
	EndGlobalSection
	GlobalSection(ProjectConfigurationPlatforms) = postSolution
		{7DA41EF5-8BF6-43B6-81DA-E2FD63863C4C}.Debug|Any CPU.ActiveCfg = Debug|Any CPU
		{7DA41EF5-8BF6-43B6-81DA-E2FD63863C4C}.Release|Any CPU.ActiveCfg = Release|Any CPU
	EndGlobalSection
	GlobalSection(SolutionProperties) = preSolution
		HideSolutionNode = FALSE
	EndGlobalSection
	GlobalSection(ExtensibilityGlobals) = postSolution
		SolutionGuid = {8748C8F3-0680-4E38-8D21-A5E706EF2AC6}
	EndGlobalSection
EndGlobal
